<?xml version="1.0" encoding="utf-8"?>
<Project ToolsVersion="4.0" xmlns="http://schemas.microsoft.com/developer/msbuild/2003">
  <ItemGroup>
    <Filter Include="src">
      <UniqueIdentifier>{b24180a7-0344-4f8f-bc19-c58f45fb8143}</UniqueIdentifier>
    </Filter>
  </ItemGroup>
  <ItemGroup>
    <ClCompile Include="src\PhysicsEngine.cpp">
      <Filter>src</Filter>
    </ClCompile>
    <ClCompile Include="src\RigidBody.cpp">
      <Filter>src</Filter>
    </ClCompile>
    <ClCompile Include="src\ConvexPoly.cpp">
      <Filter>src</Filter>
    </ClCompile>
    <ClCompile Include="src\CollisionDetect.cpp">
      <Filter>src</Filter>
    </ClCompile>
    <ClCompile Include="src\ConstraintSolver.cpp">
      <Filter>src</Filter>
    </ClCompile>
  </ItemGroup>
  <ItemGroup>
    <ClInclude Include="src\PhysicsEngine.h">
      <Filter>src</Filter>
    </ClInclude>
    <ClInclude Include="src\RigidBody.h">
      <Filter>src</Filter>
    </ClInclude>
    <ClInclude Include="src\ConvexPoly.h">
      <Filter>src</Filter>
    </ClInclude>
    <ClInclude Include="src\CollisionDetect.h">
      <Filter>src</Filter>
    </ClInclude>
    <ClInclude Include="src\AABB.h">
      <Filter>src</Filter>
    </ClInclude>
    <ClInclude Include="src\Octree.h">
      <Filter>src</Filter>
    </ClInclude>
    <ClInclude Include="src\ConstraintSolver.h">
      <Filter>src</Filter>
    </ClInclude>
    <ClInclude Include="src\ContactCache.h">
      <Filter>src</Filter>
    </ClInclude>
  </ItemGroup>
</Project>