<?xml version="1.0" encoding="utf-8"?>
<Project ToolsVersion="4.0" xmlns="http://schemas.microsoft.com/developer/msbuild/2003">
  <ItemGroup>
    <Filter Include="src">
      <UniqueIdentifier>{e3fea982-a0ea-42b4-9865-c6061ce606bc}</UniqueIdentifier>
    </Filter>
    <Filter Include="src\renderer">
      <UniqueIdentifier>{744b7898-1c7f-44fd-a87b-cb4582f6055f}</UniqueIdentifier>
    </Filter>
    <Filter Include="resources">
      <UniqueIdentifier>{4383c090-6a89-432b-8d72-4771cb8d92ee}</UniqueIdentifier>
    </Filter>
    <Filter Include="resources\shaders">
      <UniqueIdentifier>{a04c038f-c6dc-4515-9ee5-27b1ac888085}</UniqueIdentifier>
    </Filter>
    <Filter Include="src\Demos">
      <UniqueIdentifier>{609d72ac-60ff-417a-b5c5-c44a62c8a5ff}</UniqueIdentifier>
    </Filter>
  </ItemGroup>
  <ItemGroup>
    <ClCompile Include="src\renderer\Renderer.cpp">
      <Filter>src\renderer</Filter>
    </ClCompile>
    <ClCompile Include="src\main.cpp">
      <Filter>src</Filter>
    </ClCompile>
    <ClCompile Include="src\renderer\Shader.cpp">
      <Filter>src\renderer</Filter>
    </ClCompile>
    <ClCompile Include="src\renderer\IndexBuffer.cpp">
      <Filter>src\renderer</Filter>
    </ClCompile>
    <ClCompile Include="src\renderer\VertexArray.cpp">
      <Filter>src\renderer</Filter>
    </ClCompile>
    <ClCompile Include="src\main_old.cpp">
      <Filter>src</Filter>
    </ClCompile>
    <ClCompile Include="src\Mesh.cpp">
      <Filter>src</Filter>
    </ClCompile>
    <ClCompile Include="src\Demos\DemoScene.cpp">
      <Filter>src\Demos</Filter>
    </ClCompile>
  </ItemGroup>
  <ItemGroup>
    <ClInclude Include="src\renderer\Renderer.h">
      <Filter>src\renderer</Filter>
    </ClInclude>
    <ClInclude Include="src\renderer\Shader.h">
      <Filter>src\renderer</Filter>
    </ClInclude>
    <ClInclude Include="src\renderer\VertexArray.h">
      <Filter>src\renderer</Filter>
    </ClInclude>
    <ClInclude Include="src\renderer\IndexBuffer.h">
      <Filter>src\renderer</Filter>
    </ClInclude>
    <ClInclude Include="src\renderer\Mat4.h">
      <Filter>src\renderer</Filter>
    </ClInclude>
    <ClInclude Include="src\Mesh.h">
      <Filter>src</Filter>
    </ClInclude>
    <ClInclude Include="src\Demos\DemoScene.h">
      <Filter>src\Demos</Filter>
    </ClInclude>
    <ClInclude Include="src\Demos\CarDemo.h">
      <Filter>src\Demos</Filter>
    </ClInclude>
    <ClInclude Include="src\Demos\ImageDemo.h">
      <Filter>src\Demos</Filter>
    </ClInclude>
    <ClInclude Include="src\Demos\olcPixelGameEngine.h">
      <Filter>src\Demos</Filter>
    </ClInclude>
    <ClInclude Include="src\Demos\WreckingBallDemo.h">
      <Filter>src\Demos</Filter>
    </ClInclude>
    <ClInclude Include="src\Demos\ColActionDemo.h">
      <Filter>src\Demos</Filter>
    </ClInclude>
    <ClInclude Include="src\Demos\DzhanibekovDemo.h">
      <Filter>src\Demos</Filter>
    </ClInclude>
    <ClInclude Include="src\Demos\ForkliftDemo.h">
      <Filter>src\Demos</Filter>
    </ClInclude>
    <ClInclude Include="src\Demos\TrebuchetDemo.h">
      <Filter>src\Demos</Filter>
    </ClInclude>
  </ItemGroup>
  <ItemGroup>
    <None Include="resources\shaders\Basic.shader">
      <Filter>resources\shaders</Filter>
    </None>
    <None Include="resources\shaders\AgentColor.shader">
      <Filter>resources\shaders</Filter>
    </None>
  </ItemGroup>
</Project>